
Microsoft Visual Studio Solution File, Format Version 12.00
# Visual Studio 15
Project("{FAE04EC0-301F-11D3-BF4B-00C04F79EFBC}") = "capstone4", "capstone4.csproj", "{4C4E190A-E679-4695-88A0-C0EB2B700DB3}"
EndProject
Global
	GlobalSection(SolutionConfigurationPlatforms) = preSolution
		Debug|Any CPU = Debug|Any CPU
		Release|Any CPU = Release|Any CPU
	EndGlobalSection
	GlobalSection(ProjectConfigurationPlatforms) = postSolution
		{4C4E190A-E679-4695-88A0-C0EB2B700DB3}.Debug|Any CPU.ActiveCfg = Debug|Any CPU
		{4C4E190A-E679-4695-88A0-C0EB2B700DB3}.Debug|Any CPU.Build.0 = Debug|Any CPU
		{4C4E190A-E679-4695-88A0-C0EB2B700DB3}.Release|Any CPU.ActiveCfg = Release|Any CPU
		{4C4E190A-E679-4695-88A0-C0EB2B700DB3}.Release|Any CPU.Build.0 = Release|Any CPU
	EndGlobalSection
EndGlobal
